// !$*UTF8*$!
{
	archiveVersion = 1;
	classes = {
	};
	objectVersion = 46;
	objects = {

/* Begin PBXBuildFile section */
		B2428E2D15BE9B0E007A1DAE /* UIKit.framework in Frameworks */ = {isa = PBXBuildFile; fileRef = B2428E2C15BE9B0E007A1DAE /* UIKit.framework */; };
		B2428E2F15BE9B0E007A1DAE /* Foundation.framework in Frameworks */ = {isa = PBXBuildFile; fileRef = B2428E2E15BE9B0E007A1DAE /* Foundation.framework */; };
		B2428E3115BE9B0E007A1DAE /* CoreGraphics.framework in Frameworks */ = {isa = PBXBuildFile; fileRef = B2428E3015BE9B0E007A1DAE /* CoreGraphics.framework */; };
		B2428E3715BE9B0E007A1DAE /* InfoPlist.strings in Resources */ = {isa = PBXBuildFile; fileRef = B2428E3515BE9B0E007A1DAE /* InfoPlist.strings */; };
		B2428E3915BE9B0E007A1DAE /* main.m in Sources */ = {isa = PBXBuildFile; fileRef = B2428E3815BE9B0E007A1DAE /* main.m */; };
		B2428E3D15BE9B0E007A1DAE /* AppDelegate.m in Sources */ = {isa = PBXBuildFile; fileRef = B2428E3C15BE9B0E007A1DAE /* AppDelegate.m */; };
		B2428E4015BE9B0E007A1DAE /* MasterViewController.m in Sources */ = {isa = PBXBuildFile; fileRef = B2428E3F15BE9B0E007A1DAE /* MasterViewController.m */; };
		B2428E4315BE9B0E007A1DAE /* DetailViewController.m in Sources */ = {isa = PBXBuildFile; fileRef = B2428E4215BE9B0E007A1DAE /* DetailViewController.m */; };
		B2428E4615BE9B0E007A1DAE /* MasterViewController_iPhone.xib in Resources */ = {isa = PBXBuildFile; fileRef = B2428E4415BE9B0E007A1DAE /* MasterViewController_iPhone.xib */; };
		B2428E4915BE9B0E007A1DAE /* MasterViewController_iPad.xib in Resources */ = {isa = PBXBuildFile; fileRef = B2428E4715BE9B0E007A1DAE /* MasterViewController_iPad.xib */; };
		B2428E4C15BE9B0E007A1DAE /* DetailViewController_iPhone.xib in Resources */ = {isa = PBXBuildFile; fileRef = B2428E4A15BE9B0E007A1DAE /* DetailViewController_iPhone.xib */; };
		B2428E4F15BE9B0E007A1DAE /* DetailViewController_iPad.xib in Resources */ = {isa = PBXBuildFile; fileRef = B2428E4D15BE9B0E007A1DAE /* DetailViewController_iPad.xib */; };
		B2C61EC715BE9D950009E9FF /* AsiHttpRequest.framework in Frameworks */ = {isa = PBXBuildFile; fileRef = B2C61EC615BE9D950009E9FF /* AsiHttpRequest.framework */; };
		B2C61ECA15BE9D9C0009E9FF /* CFNetwork.framework in Frameworks */ = {isa = PBXBuildFile; fileRef = B2C61EC915BE9D9C0009E9FF /* CFNetwork.framework */; };
		B2C61ECE15BE9DCB0009E9FF /* SystemConfiguration.framework in Frameworks */ = {isa = PBXBuildFile; fileRef = B2C61ECD15BE9DCB0009E9FF /* SystemConfiguration.framework */; };
		B2C61ED015BE9DD00009E9FF /* MobileCoreServices.framework in Frameworks */ = {isa = PBXBuildFile; fileRef = B2C61ECF15BE9DD00009E9FF /* MobileCoreServices.framework */; };
		B2C61ED215BE9DE10009E9FF /* libz.dylib in Frameworks */ = {isa = PBXBuildFile; fileRef = B2C61ED115BE9DE10009E9FF /* libz.dylib */; };
/* End PBXBuildFile section */

/* Begin PBXFileReference section */
		B2428E2815BE9B0E007A1DAE /* maven-ios-example-project.app */ = {isa = PBXFileReference; explicitFileType = wrapper.application; includeInIndex = 0; path = "maven-ios-example-project.app"; sourceTree = BUILT_PRODUCTS_DIR; };
		B2428E2C15BE9B0E007A1DAE /* UIKit.framework */ = {isa = PBXFileReference; lastKnownFileType = wrapper.framework; name = UIKit.framework; path = System/Library/Frameworks/UIKit.framework; sourceTree = SDKROOT; };
		B2428E2E15BE9B0E007A1DAE /* Foundation.framework */ = {isa = PBXFileReference; lastKnownFileType = wrapper.framework; name = Foundation.framework; path = System/Library/Frameworks/Foundation.framework; sourceTree = SDKROOT; };
		B2428E3015BE9B0E007A1DAE /* CoreGraphics.framework */ = {isa = PBXFileReference; lastKnownFileType = wrapper.framework; name = CoreGraphics.framework; path = System/Library/Frameworks/CoreGraphics.framework; sourceTree = SDKROOT; };
		B2428E3415BE9B0E007A1DAE /* maven-ios-example-project-Info.plist */ = {isa = PBXFileReference; lastKnownFileType = text.plist.xml; path = "maven-ios-example-project-Info.plist"; sourceTree = "<group>"; };
		B2428E3615BE9B0E007A1DAE /* en */ = {isa = PBXFileReference; lastKnownFileType = text.plist.strings; name = en; path = en.lproj/InfoPlist.strings; sourceTree = "<group>"; };
		B2428E3815BE9B0E007A1DAE /* main.m */ = {isa = PBXFileReference; lastKnownFileType = sourcecode.c.objc; path = main.m; sourceTree = "<group>"; };
		B2428E3A15BE9B0E007A1DAE /* maven-ios-example-project-Prefix.pch */ = {isa = PBXFileReference; lastKnownFileType = sourcecode.c.h; path = "maven-ios-example-project-Prefix.pch"; sourceTree = "<group>"; };
		B2428E3B15BE9B0E007A1DAE /* AppDelegate.h */ = {isa = PBXFileReference; lastKnownFileType = sourcecode.c.h; path = AppDelegate.h; sourceTree = "<group>"; };
		B2428E3C15BE9B0E007A1DAE /* AppDelegate.m */ = {isa = PBXFileReference; lastKnownFileType = sourcecode.c.objc; path = AppDelegate.m; sourceTree = "<group>"; };
		B2428E3E15BE9B0E007A1DAE /* MasterViewController.h */ = {isa = PBXFileReference; lastKnownFileType = sourcecode.c.h; path = MasterViewController.h; sourceTree = "<group>"; };
		B2428E3F15BE9B0E007A1DAE /* MasterViewController.m */ = {isa = PBXFileReference; lastKnownFileType = sourcecode.c.objc; path = MasterViewController.m; sourceTree = "<group>"; };
		B2428E4115BE9B0E007A1DAE /* DetailViewController.h */ = {isa = PBXFileReference; lastKnownFileType = sourcecode.c.h; path = DetailViewController.h; sourceTree = "<group>"; };
		B2428E4215BE9B0E007A1DAE /* DetailViewController.m */ = {isa = PBXFileReference; lastKnownFileType = sourcecode.c.objc; path = DetailViewController.m; sourceTree = "<group>"; };
		B2428E4515BE9B0E007A1DAE /* en */ = {isa = PBXFileReference; lastKnownFileType = file.xib; name = en; path = en.lproj/MasterViewController_iPhone.xib; sourceTree = "<group>"; };
		B2428E4815BE9B0E007A1DAE /* en */ = {isa = PBXFileReference; lastKnownFileType = file.xib; name = en; path = en.lproj/MasterViewController_iPad.xib; sourceTree = "<group>"; };
		B2428E4B15BE9B0E007A1DAE /* en */ = {isa = PBXFileReference; lastKnownFileType = file.xib; name = en; path = en.lproj/DetailViewController_iPhone.xib; sourceTree = "<group>"; };
		B2428E4E15BE9B0E007A1DAE /* en */ = {isa = PBXFileReference; lastKnownFileType = file.xib; name = en; path = en.lproj/DetailViewController_iPad.xib; sourceTree = "<group>"; };
		B2C61EC615BE9D950009E9FF /* AsiHttpRequest.framework */ = {isa = PBXFileReference; lastKnownFileType = wrapper.framework; name = AsiHttpRequest.framework; path = "../../../target/ios-dependencies/AsiHttpRequest.framework"; sourceTree = "<group>"; };
		B2C61EC915BE9D9C0009E9FF /* CFNetwork.framework */ = {isa = PBXFileReference; lastKnownFileType = wrapper.framework; name = CFNetwork.framework; path = System/Library/Frameworks/CFNetwork.framework; sourceTree = SDKROOT; };
		B2C61ECD15BE9DCB0009E9FF /* SystemConfiguration.framework */ = {isa = PBXFileReference; lastKnownFileType = wrapper.framework; name = SystemConfiguration.framework; path = System/Library/Frameworks/SystemConfiguration.framework; sourceTree = SDKROOT; };
		B2C61ECF15BE9DD00009E9FF /* MobileCoreServices.framework */ = {isa = PBXFileReference; lastKnownFileType = wrapper.framework; name = MobileCoreServices.framework; path = System/Library/Frameworks/MobileCoreServices.framework; sourceTree = SDKROOT; };
		B2C61ED115BE9DE10009E9FF /* libz.dylib */ = {isa = PBXFileReference; lastKnownFileType = "compiled.mach-o.dylib"; name = libz.dylib; path = usr/lib/libz.dylib; sourceTree = SDKROOT; };
/* End PBXFileReference section */

/* Begin PBXFrameworksBuildPhase section */
		B2428E2515BE9B0E007A1DAE /* Frameworks */ = {
			isa = PBXFrameworksBuildPhase;
			buildActionMask = 2147483647;
			files = (
				B2C61ED215BE9DE10009E9FF /* libz.dylib in Frameworks */,
				B2C61ED015BE9DD00009E9FF /* MobileCoreServices.framework in Frameworks */,
				B2C61ECE15BE9DCB0009E9FF /* SystemConfiguration.framework in Frameworks */,
				B2C61ECA15BE9D9C0009E9FF /* CFNetwork.framework in Frameworks */,
				B2C61EC715BE9D950009E9FF /* AsiHttpRequest.framework in Frameworks */,
				B2428E2D15BE9B0E007A1DAE /* UIKit.framework in Frameworks */,
				B2428E2F15BE9B0E007A1DAE /* Foundation.framework in Frameworks */,
				B2428E3115BE9B0E007A1DAE /* CoreGraphics.framework in Frameworks */,
			);
			runOnlyForDeploymentPostprocessing = 0;
		};
/* End PBXFrameworksBuildPhase section */

/* Begin PBXGroup section */
		B2428E1D15BE9B0D007A1DAE = {
			isa = PBXGroup;
			children = (
				B2428E3215BE9B0E007A1DAE /* maven-ios-example-project */,
				B2428E2B15BE9B0E007A1DAE /* Frameworks */,
				B2428E2915BE9B0E007A1DAE /* Products */,
			);
			sourceTree = "<group>";
		};
		B2428E2915BE9B0E007A1DAE /* Products */ = {
			isa = PBXGroup;
			children = (
				B2428E2815BE9B0E007A1DAE /* maven-ios-example-project.app */,
			);
			name = Products;
			sourceTree = "<group>";
		};
		B2428E2B15BE9B0E007A1DAE /* Frameworks */ = {
			isa = PBXGroup;
			children = (
				B2C61ED115BE9DE10009E9FF /* libz.dylib */,
				B2C61ECF15BE9DD00009E9FF /* MobileCoreServices.framework */,
				B2C61ECD15BE9DCB0009E9FF /* SystemConfiguration.framework */,
				B2C61EC915BE9D9C0009E9FF /* CFNetwork.framework */,
				B2C61EC615BE9D950009E9FF /* AsiHttpRequest.framework */,
				B2428E2C15BE9B0E007A1DAE /* UIKit.framework */,
				B2428E2E15BE9B0E007A1DAE /* Foundation.framework */,
				B2428E3015BE9B0E007A1DAE /* CoreGraphics.framework */,
			);
			name = Frameworks;
			sourceTree = "<group>";
		};
		B2428E3215BE9B0E007A1DAE /* maven-ios-example-project */ = {
			isa = PBXGroup;
			children = (
				B2428E3B15BE9B0E007A1DAE /* AppDelegate.h */,
				B2428E3C15BE9B0E007A1DAE /* AppDelegate.m */,
				B2428E3E15BE9B0E007A1DAE /* MasterViewController.h */,
				B2428E3F15BE9B0E007A1DAE /* MasterViewController.m */,
				B2428E4115BE9B0E007A1DAE /* DetailViewController.h */,
				B2428E4215BE9B0E007A1DAE /* DetailViewController.m */,
				B2428E4415BE9B0E007A1DAE /* MasterViewController_iPhone.xib */,
				B2428E4715BE9B0E007A1DAE /* MasterViewController_iPad.xib */,
				B2428E4A15BE9B0E007A1DAE /* DetailViewController_iPhone.xib */,
				B2428E4D15BE9B0E007A1DAE /* DetailViewController_iPad.xib */,
				B2428E3315BE9B0E007A1DAE /* Supporting Files */,
			);
			path = "maven-ios-example-project";
			sourceTree = "<group>";
		};
		B2428E3315BE9B0E007A1DAE /* Supporting Files */ = {
			isa = PBXGroup;
			children = (
				B2428E3415BE9B0E007A1DAE /* maven-ios-example-project-Info.plist */,
				B2428E3515BE9B0E007A1DAE /* InfoPlist.strings */,
				B2428E3815BE9B0E007A1DAE /* main.m */,
				B2428E3A15BE9B0E007A1DAE /* maven-ios-example-project-Prefix.pch */,
			);
			name = "Supporting Files";
			sourceTree = "<group>";
		};
/* End PBXGroup section */

/* Begin PBXNativeTarget section */
		B2428E2715BE9B0E007A1DAE /* maven-ios-example-project */ = {
			isa = PBXNativeTarget;
			buildConfigurationList = B2428E5215BE9B0E007A1DAE /* Build configuration list for PBXNativeTarget "maven-ios-example-project" */;
			buildPhases = (
				B2428E2415BE9B0E007A1DAE /* Sources */,
				B2428E2515BE9B0E007A1DAE /* Frameworks */,
				B2428E2615BE9B0E007A1DAE /* Resources */,
			);
			buildRules = (
			);
			dependencies = (
			);
			name = "maven-ios-example-project";
			productName = "maven-ios-example-project";
			productReference = B2428E2815BE9B0E007A1DAE /* maven-ios-example-project.app */;
			productType = "com.apple.product-type.application";
		};
/* End PBXNativeTarget section */

/* Begin PBXProject section */
		B2428E1F15BE9B0D007A1DAE /* Project object */ = {
			isa = PBXProject;
			attributes = {
				LastUpgradeCheck = 0430;
				ORGANIZATIONNAME = "let's dev";
			};
			buildConfigurationList = B2428E2215BE9B0D007A1DAE /* Build configuration list for PBXProject "maven-ios-example-project" */;
			compatibilityVersion = "Xcode 3.2";
			developmentRegion = English;
			hasScannedForEncodings = 0;
			knownRegions = (
				en,
			);
			mainGroup = B2428E1D15BE9B0D007A1DAE;
			productRefGroup = B2428E2915BE9B0E007A1DAE /* Products */;
			projectDirPath = "";
			projectRoot = "";
			targets = (
				B2428E2715BE9B0E007A1DAE /* maven-ios-example-project */,
			);
		};
/* End PBXProject section */

/* Begin PBXResourcesBuildPhase section */
		B2428E2615BE9B0E007A1DAE /* Resources */ = {
			isa = PBXResourcesBuildPhase;
			buildActionMask = 2147483647;
			files = (
				B2428E3715BE9B0E007A1DAE /* InfoPlist.strings in Resources */,
				B2428E4615BE9B0E007A1DAE /* MasterViewController_iPhone.xib in Resources */,
				B2428E4915BE9B0E007A1DAE /* MasterViewController_iPad.xib in Resources */,
				B2428E4C15BE9B0E007A1DAE /* DetailViewController_iPhone.xib in Resources */,
				B2428E4F15BE9B0E007A1DAE /* DetailViewController_iPad.xib in Resources */,
			);
			runOnlyForDeploymentPostprocessing = 0;
		};
/* End PBXResourcesBuildPhase section */

/* Begin PBXSourcesBuildPhase section */
		B2428E2415BE9B0E007A1DAE /* Sources */ = {
			isa = PBXSourcesBuildPhase;
			buildActionMask = 2147483647;
			files = (
				B2428E3915BE9B0E007A1DAE /* main.m in Sources */,
				B2428E3D15BE9B0E007A1DAE /* AppDelegate.m in Sources */,
				B2428E4015BE9B0E007A1DAE /* MasterViewController.m in Sources */,
				B2428E4315BE9B0E007A1DAE /* DetailViewController.m in Sources */,
			);
			runOnlyForDeploymentPostprocessing = 0;
		};
/* End PBXSourcesBuildPhase section */

/* Begin PBXVariantGroup section */
		B2428E3515BE9B0E007A1DAE /* InfoPlist.strings */ = {
			isa = PBXVariantGroup;
			children = (
				B2428E3615BE9B0E007A1DAE /* en */,
			);
			name = InfoPlist.strings;
			sourceTree = "<group>";
		};
		B2428E4415BE9B0E007A1DAE /* MasterViewController_iPhone.xib */ = {
			isa = PBXVariantGroup;
			children = (
				B2428E4515BE9B0E007A1DAE /* en */,
			);
			name = MasterViewController_iPhone.xib;
			sourceTree = "<group>";
		};
		B2428E4715BE9B0E007A1DAE /* MasterViewController_iPad.xib */ = {
			isa = PBXVariantGroup;
			children = (
				B2428E4815BE9B0E007A1DAE /* en */,
			);
			name = MasterViewController_iPad.xib;
			sourceTree = "<group>";
		};
		B2428E4A15BE9B0E007A1DAE /* DetailViewController_iPhone.xib */ = {
			isa = PBXVariantGroup;
			children = (
				B2428E4B15BE9B0E007A1DAE /* en */,
			);
			name = DetailViewController_iPhone.xib;
			sourceTree = "<group>";
		};
		B2428E4D15BE9B0E007A1DAE /* DetailViewController_iPad.xib */ = {
			isa = PBXVariantGroup;
			children = (
				B2428E4E15BE9B0E007A1DAE /* en */,
			);
			name = DetailViewController_iPad.xib;
			sourceTree = "<group>";
		};
/* End PBXVariantGroup section */

/* Begin XCBuildConfiguration section */
		B2428E5015BE9B0E007A1DAE /* Debug */ = {
			isa = XCBuildConfiguration;
			buildSettings = {
				ALWAYS_SEARCH_USER_PATHS = NO;
				ARCHS = "$(ARCHS_STANDARD_32_BIT)";
				CLANG_ENABLE_OBJC_ARC = YES;
				"CODE_SIGN_IDENTITY[sdk=iphoneos*]" = "iPhone Developer";
				COPY_PHASE_STRIP = NO;
				GCC_C_LANGUAGE_STANDARD = gnu99;
				GCC_DYNAMIC_NO_PIC = NO;
				GCC_OPTIMIZATION_LEVEL = 0;
				GCC_PREPROCESSOR_DEFINITIONS = (
					"DEBUG=1",
					"$(inherited)",
				);
				GCC_SYMBOLS_PRIVATE_EXTERN = NO;
				GCC_VERSION = com.apple.compilers.llvm.clang.1_0;
				GCC_WARN_ABOUT_RETURN_TYPE = YES;
				GCC_WARN_UNINITIALIZED_AUTOS = YES;
				GCC_WARN_UNUSED_VARIABLE = YES;
				IPHONEOS_DEPLOYMENT_TARGET = 5.1;
				SDKROOT = iphoneos;
				TARGETED_DEVICE_FAMILY = "1,2";
			};
			name = Debug;
		};
		B2428E5115BE9B0E007A1DAE /* Release */ = {
			isa = XCBuildConfiguration;
			buildSettings = {
				ALWAYS_SEARCH_USER_PATHS = NO;
				ARCHS = "$(ARCHS_STANDARD_32_BIT)";
				CLANG_ENABLE_OBJC_ARC = YES;
				"CODE_SIGN_IDENTITY[sdk=iphoneos*]" = "iPhone Developer";
				COPY_PHASE_STRIP = YES;
				GCC_C_LANGUAGE_STANDARD = gnu99;
				GCC_VERSION = com.apple.compilers.llvm.clang.1_0;
				GCC_WARN_ABOUT_RETURN_TYPE = YES;
				GCC_WARN_UNINITIALIZED_AUTOS = YES;
				GCC_WARN_UNUSED_VARIABLE = YES;
				IPHONEOS_DEPLOYMENT_TARGET = 5.1;
				OTHER_CFLAGS = "-DNS_BLOCK_ASSERTIONS=1";
				SDKROOT = iphoneos;
				TARGETED_DEVICE_FAMILY = "1,2";
				VALIDATE_PRODUCT = YES;
			};
			name = Release;
		};
		B2428E5315BE9B0E007A1DAE /* Debug */ = {
			isa = XCBuildConfiguration;
			buildSettings = {
				FRAMEWORK_SEARCH_PATHS = (
					"$(inherited)",
					"\"$(SRCROOT)/../../../target/ios-dependencies\"",
				);
				GCC_PRECOMPILE_PREFIX_HEADER = YES;
				GCC_PREFIX_HEADER = "maven-ios-example-project/maven-ios-example-project-Prefix.pch";
				INFOPLIST_FILE = "maven-ios-example-project/maven-ios-example-project-Info.plist";
				PRODUCT_NAME = "$(TARGET_NAME)";
				WRAPPER_EXTENSION = app;
			};
			name = Debug;
		};
		B2428E5415BE9B0E007A1DAE /* Release */ = {
			isa = XCBuildConfiguration;
			buildSettings = {
				FRAMEWORK_SEARCH_PATHS = (
					"$(inherited)",
					"\"$(SRCROOT)/../../../target/ios-dependencies\"",
				);
				GCC_PRECOMPILE_PREFIX_HEADER = YES;
				GCC_PREFIX_HEADER = "maven-ios-example-project/maven-ios-example-project-Prefix.pch";
				INFOPLIST_FILE = "maven-ios-example-project/maven-ios-example-project-Info.plist";
				PRODUCT_NAME = "$(TARGET_NAME)";
				WRAPPER_EXTENSION = app;
			};
			name = Release;
		};
/* End XCBuildConfiguration section */

/* Begin XCConfigurationList section */
		B2428E2215BE9B0D007A1DAE /* Build configuration list for PBXProject "maven-ios-example-project" */ = {
			isa = XCConfigurationList;
			buildConfigurations = (
				B2428E5015BE9B0E007A1DAE /* Debug */,
				B2428E5115BE9B0E007A1DAE /* Release */,
			);
			defaultConfigurationIsVisible = 0;
			defaultConfigurationName = Release;
		};
		B2428E5215BE9B0E007A1DAE /* Build configuration list for PBXNativeTarget "maven-ios-example-project" */ = {
			isa = XCConfigurationList;
			buildConfigurations = (
				B2428E5315BE9B0E007A1DAE /* Debug */,
				B2428E5415BE9B0E007A1DAE /* Release */,
			);
			defaultConfigurationIsVisible = 0;
			defaultConfigurationName = Release;
		};
/* End XCConfigurationList section */
	};
	rootObject = B2428E1F15BE9B0D007A1DAE /* Project object */;
}
